
Microsoft Visual Studio Solution File, Format Version 12.00
# Visual Studio Version 16
VisualStudioVersion = 16.0.30114.105
MinimumVisualStudioVersion = 10.0.40219.1
Project("{F184B08F-C81C-45F6-A57F-5ABD9991F28F}") = "QuickbooksAPI", "QuickbooksAPI\QuickbooksAPI.vbproj", "{CBA194AD-0FBA-4BA1-8E60-EDEE7B30CA42}"
EndProject
Global
	GlobalSection(SolutionConfigurationPlatforms) = preSolution
		Debug|Any CPU = Debug|Any CPU
		Release|Any CPU = Release|Any CPU
	EndGlobalSection
	GlobalSection(ProjectConfigurationPlatforms) = postSolution
		{CBA194AD-0FBA-4BA1-8E60-EDEE7B30CA42}.Debug|Any CPU.ActiveCfg = Debug|Any CPU
		{CBA194AD-0FBA-4BA1-8E60-EDEE7B30CA42}.Debug|Any CPU.Build.0 = Debug|Any CPU
		{CBA194AD-0FBA-4BA1-8E60-EDEE7B30CA42}.Release|Any CPU.ActiveCfg = Release|Any CPU
		{CBA194AD-0FBA-4BA1-8E60-EDEE7B30CA42}.Release|Any CPU.Build.0 = Release|Any CPU
	EndGlobalSection
	GlobalSection(SolutionProperties) = preSolution
		HideSolutionNode = FALSE
	EndGlobalSection
	GlobalSection(ExtensibilityGlobals) = postSolution
		SolutionGuid = {B1FE560E-9FE0-4083-9622-310BE952D64D}
	EndGlobalSection
EndGlobal
